message: {shard_parent_root: '0x5894dd8419b092c0563adbcb1dd480fd21d66bda2f17c63d2d1a48170786ab23',
  beacon_parent_root: '0xb0d36f559cd2314e603de064f322b343438202d9f9fe4823350c75d1e3dd3023',
  slot: 2, shard: 0, proposer_index: 33, body: '0x5656565656565656565656565656565656565656565656565656565656565656565656565656565656565656565656565656565656565656565656565656565656565656565656565656565656565656565656565656565656565656565656565656565656565656565656565656565656565656565656565656565656565656'}
signature: '0x907a4359e41ab72c119819de96ef3457d6eae43c91047e8cc33db6671e5da92e2d242d37797bf35e0a825e343cf35380185232f99eaba416d6a1dd791089541d4b484cec17e5f206a6a2682c762f55b2f64fab0f20daa6366806a962d76a2271'
