slot: 1
proposer_index: 0
parent_root: '0xb0d36f559cd2314e603de064f322b343438202d9f9fe4823350c75d1e3dd3023'
state_root: '0x0000000000000000000000000000000000000000000000000000000000000000'
body:
  randao_reveal: '0x879487fd75d6c305ad12102554ed1e01254616c00132d2470c732451028d9616f2741f2088edace8ccfd61bd5f8185e3047d84a19be0071dbfcdfa464b4a31f8a823b628cc0188db36d32761d4cd61e72ccead0b68a7a1a781813fb8616c1877'
  eth1_data: {deposit_root: '0x0000000000000000000000000000000000000000000000000000000000000000',
    deposit_count: 64, block_hash: '0x0000000000000000000000000000000000000000000000000000000000000000'}
  graffiti: '0x0000000000000000000000000000000000000000000000000000000000000000'
  proposer_slashings: []
  attester_slashings: []
  attestations: []
  deposits: []
  voluntary_exits: []
  chunk_challenges: []
  chunk_challenge_responses: []
  custody_key_reveals: []
  early_derived_secret_reveals: []
  custody_slashings: []
  shard_transitions:
  - start_slot: 0
    shard_block_lengths: []
    shard_data_roots: []
    shard_states: []
    proposer_signature_aggregate: '0x000000000000000000000000000000000000000000000000000000000000000000000000000000000000000000000000000000000000000000000000000000000000000000000000000000000000000000000000000000000000000000000000'
  - start_slot: 0
    shard_block_lengths: []
    shard_data_roots: []
    shard_states: []
    proposer_signature_aggregate: '0x000000000000000000000000000000000000000000000000000000000000000000000000000000000000000000000000000000000000000000000000000000000000000000000000000000000000000000000000000000000000000000000000'
  - start_slot: 0
    shard_block_lengths: []
    shard_data_roots: []
    shard_states: []
    proposer_signature_aggregate: '0x000000000000000000000000000000000000000000000000000000000000000000000000000000000000000000000000000000000000000000000000000000000000000000000000000000000000000000000000000000000000000000000000'
  - start_slot: 0
    shard_block_lengths: []
    shard_data_roots: []
    shard_states: []
    proposer_signature_aggregate: '0x000000000000000000000000000000000000000000000000000000000000000000000000000000000000000000000000000000000000000000000000000000000000000000000000000000000000000000000000000000000000000000000000'
  - start_slot: 0
    shard_block_lengths: []
    shard_data_roots: []
    shard_states: []
    proposer_signature_aggregate: '0x000000000000000000000000000000000000000000000000000000000000000000000000000000000000000000000000000000000000000000000000000000000000000000000000000000000000000000000000000000000000000000000000'
  - start_slot: 0
    shard_block_lengths: []
    shard_data_roots: []
    shard_states: []
    proposer_signature_aggregate: '0x000000000000000000000000000000000000000000000000000000000000000000000000000000000000000000000000000000000000000000000000000000000000000000000000000000000000000000000000000000000000000000000000'
  - start_slot: 0
    shard_block_lengths: []
    shard_data_roots: []
    shard_states: []
    proposer_signature_aggregate: '0x000000000000000000000000000000000000000000000000000000000000000000000000000000000000000000000000000000000000000000000000000000000000000000000000000000000000000000000000000000000000000000000000'
  - start_slot: 0
    shard_block_lengths: []
    shard_data_roots: []
    shard_states: []
    proposer_signature_aggregate: '0x000000000000000000000000000000000000000000000000000000000000000000000000000000000000000000000000000000000000000000000000000000000000000000000000000000000000000000000000000000000000000000000000'
  light_client_bits: '0x00000000000000000000000000000000'
  light_client_signature: '0x000000000000000000000000000000000000000000000000000000000000000000000000000000000000000000000000000000000000000000000000000000000000000000000000000000000000000000000000000000000000000000000000'
