message: {shard_parent_root: '0x0000000000000000000000000000000000000000000000000000000000000000',
  beacon_parent_root: '0xb0d36f559cd2314e603de064f322b343438202d9f9fe4823350c75d1e3dd3023',
  slot: 233, shard: 0, proposer_index: 50, body: '0x5656565656565656565656565656565656565656565656565656565656565656565656565656565656565656565656565656565656565656565656565656565656565656565656565656565656565656565656565656565656565656565656565656565656565656565656565656565656565656565656565656565656565656'}
signature: '0x96c3afab3f5037c71ead7a619bbe02a6a38711dcf6e72c712338a16a81c7ecf4ebff8c00e0f28f4b54960826e752aa1410651e08a904d38e0f537c7dc5d40e9b65609960c7fd3b177b179627fd996d6aafc4b8bcdddd5f417f2d61703fc8a4d5'
