message: {shard_parent_root: '0x0000000000000000000000000000000000000000000000000000000000000000',
  beacon_parent_root: '0x1212121212121212121212121212121212121212121212121212121212121212',
  slot: 1, shard: 0, proposer_index: 57, body: '0x5656565656565656565656565656565656565656565656565656565656565656565656565656565656565656565656565656565656565656565656565656565656565656565656565656565656565656565656565656565656565656565656565656565656565656565656565656565656565656565656565656565656565656'}
signature: '0xacc6a3f57f50116a29ae645c168baf4f185cb2456b7e9abde3380a863a37cdfbd54861dec56fb73415c8e8ca70ce8f6c0ba9cb5ca2ff0d9d6e23369a05baa7498801da7dc07bbeac57875e0a2f02063804899df7644cab4b44f90675efd983ad'
