message: {shard_parent_root: '0x0000000000000000000000000000000000000000000000000000000000000000',
  beacon_parent_root: '0xb0d36f559cd2314e603de064f322b343438202d9f9fe4823350c75d1e3dd3023',
  slot: 1, shard: 0, proposer_index: 58, body: '0x5656565656565656565656565656565656565656565656565656565656565656565656565656565656565656565656565656565656565656565656565656565656565656565656565656565656565656565656565656565656565656565656565656565656565656565656565656565656565656565656565656565656565656'}
signature: '0xab66264210149a9f11fb7183753eadb5b5c77273bf12c6959874c2f823cfb0056f8fa1962e263881604f9e7bc3731eea0fa6e7662efbd17793613b685e0f03634e11e5fff65ba9d62094f9b11e9a3cc739d33617cde1b78d83da057f7c9395c6'
