message: {shard_parent_root: '0x0000000000000000000000000000000000000000000000000000000000000000',
  beacon_parent_root: '0xb0d36f559cd2314e603de064f322b343438202d9f9fe4823350c75d1e3dd3023',
  slot: 234, shard: 0, proposer_index: 34, body: '0x5656565656565656565656565656565656565656565656565656565656565656565656565656565656565656565656565656565656565656565656565656565656565656565656565656565656565656565656565656565656565656565656565656565656565656565656565656565656565656565656565656565656565656'}
signature: '0xaaa3855d3264bf54f43731c781eec688405bb6d5764da0ccf835dcead2ce5fdf3ac863e8303f5e6eaaef766c1452499e02a1c5ad4c69195f75607c25625be2754d24218e6532ee6904c69b7b20ce5555ff820efeb572d4c036852d643bf10592'
