message: {shard_parent_root: '0x0000000000000000000000000000000000000000000000000000000000000000',
  beacon_parent_root: '0xb0d36f559cd2314e603de064f322b343438202d9f9fe4823350c75d1e3dd3023',
  slot: 1, shard: 0, proposer_index: 57, body: '0x5656565656565656565656565656565656565656565656565656565656565656565656565656565656565656565656565656565656565656565656565656565656565656565656565656565656565656565656565656565656565656565656565656565656565656565656565656565656565656565656565656565656565656'}
signature: '0xa2f8eaf84c08c8459289c9c2008e526486bb7ddc73bdf3d79c87d2885015c00afc2b250a2c03944dbe5117b726b53db81253cbf0e40de04e3f03cc18c4f54ec6079af51f2460f1827a1f8d29bcf284bd4f5356f9afb273b2dca487827121f5aa'
