message: {shard_parent_root: '0x0000000000000000000000000000000000000000000000000000000000000000',
  beacon_parent_root: '0xb0d36f559cd2314e603de064f322b343438202d9f9fe4823350c75d1e3dd3023',
  slot: 2, shard: 0, proposer_index: 57, body: '0x5656565656565656565656565656565656565656565656565656565656565656565656565656565656565656565656565656565656565656565656565656565656565656565656565656565656565656565656565656565656565656565656565656565656565656565656565656565656565656565656565656565656565656'}
signature: '0xa8272454c83bddfdca499cc1fa1cd4ed2b20983d632ec51a76a758a72de683ff82b85dcfa566a3d8326dd86e2312072e08433d09ec2193cce7d54d1e41ef0370ec2c1793d471058d3994a2d4193252eac293d0ab2d609269ef86ca844ceffaab'
