message: {shard_parent_root: '0x1212121212121212121212121212121212121212121212121212121212121212',
  beacon_parent_root: '0xb0d36f559cd2314e603de064f322b343438202d9f9fe4823350c75d1e3dd3023',
  slot: 1, shard: 0, proposer_index: 57, body: '0x5656565656565656565656565656565656565656565656565656565656565656565656565656565656565656565656565656565656565656565656565656565656565656565656565656565656565656565656565656565656565656565656565656565656565656565656565656565656565656565656565656565656565656'}
signature: '0xb6ff57b70c06bc4acf62a5b943b0d71d284277a029a4c951fcf7d7affbbdfd63e9234177c0e5d4d19681be11cc5456531929dccfbe6aa9866e0c13ce09acd153780c37c2f5e234235fb982bcc6e34fc5ed5182cf9664b9b1bf25c123da7e1496'
