message: {shard_parent_root: '0x0000000000000000000000000000000000000000000000000000000000000000',
  beacon_parent_root: '0xb0d36f559cd2314e603de064f322b343438202d9f9fe4823350c75d1e3dd3023',
  slot: 1, shard: 0, proposer_index: 57, body: 0x}
signature: '0x81ea3cc20508672e7e9d6bb0c068d903ee7eafaf767ea799a2f638cb3909169c6def96c3c55ede72608721b19fa374f7147f5419822a1b4a820bda090b6572ceaab4f54e3c4a308d5f75d76dd6419bc533231a14a7c22637a276c5157695bc2a'
