slot: 1
proposer_index: 174
parent_root: '0x43da282b34b4fa5b1f65ca0b719cad7dd719bdc09f74fdd448655f8fd5b3bd36'
state_root: '0x0000000000000000000000000000000000000000000000000000000000000000'
body:
  randao_reveal: '0x8468bc0af56e71376f4d41891463708ef1192931db2b24eb3512d833539800fa5e03096badf91e54fc00e88b9cfeb82512fd29b512a094d4d7886803b97f400a93869786db83ed2897c66b5a2c779d6f97c8ff6edd966d0d9081ffc9375a1228'
  eth1_data: {deposit_root: '0x0000000000000000000000000000000000000000000000000000000000000000',
    deposit_count: 256, block_hash: '0x0000000000000000000000000000000000000000000000000000000000000000'}
  graffiti: '0x0000000000000000000000000000000000000000000000000000000000000000'
  proposer_slashings: []
  attester_slashings: []
  attestations: []
  deposits: []
  voluntary_exits: []
