message: {shard_parent_root: '0x0000000000000000000000000000000000000000000000000000000000000000',
  beacon_parent_root: '0xb0d36f559cd2314e603de064f322b343438202d9f9fe4823350c75d1e3dd3023',
  slot: 4, shard: 0, proposer_index: 22, body: '0x5656565656565656565656565656565656565656565656565656565656565656565656565656565656565656565656565656565656565656565656565656565656565656565656565656565656565656565656565656565656565656565656565656565656565656565656565656565656565656565656565656565656565656'}
signature: '0x94ee88344161dc7a434b6b6c4c4f4c49f929b812a6976ed5579ebceac7ebdfe615fd5fbfad97391e6f527e3c36cb88880053f3b7263ecca219118fc21f4be7bc34486dff74f9349d1f312857ea2ace7f4b2f7b1b275ccc6f9392a9fd702a3300'
